<?xml version="1.0" encoding="utf-8"?>
<Project ToolsVersion="4.0" xmlns="http://schemas.microsoft.com/developer/msbuild/2003">
  <ItemGroup>
    <Filter Include="Source Files">
      <UniqueIdentifier>{4FC737F1-C7A5-4376-A066-2A32D752A2FF}</UniqueIdentifier>
      <Extensions>cpp;c;cc;cxx;c++;cppm;ixx;def;odl;idl;hpj;bat;asm;asmx</Extensions>
    </Filter>
    <Filter Include="Resource Files">
      <UniqueIdentifier>{67DA6AB6-F800-4c08-8B7A-83BB121AAD01}</UniqueIdentifier>
      <Extensions>rc;ico;cur;bmp;dlg;rc2;rct;bin;rgs;gif;jpg;jpeg;jpe;resx;tiff;tif;png;wav;mfcribbon-ms</Extensions>
    </Filter>
    <Filter Include="Tools">
      <UniqueIdentifier>{2b5c98a8-b840-4bfe-89bc-1b4849d26ea1}</UniqueIdentifier>
    </Filter>
    <Filter Include="Header Files">
      <UniqueIdentifier>{93995380-89BD-4b04-88EB-625FBE52EBFB}</UniqueIdentifier>
      <Extensions>h;hh;hpp;hxx;h++;hm;inl;inc;ipp;xsd</Extensions>
    </Filter>
    <Filter Include="const">
      <UniqueIdentifier>{ad3593f7-01d4-410a-863b-5a1ae2b4e565}</UniqueIdentifier>
    </Filter>
    <Filter Include="Animation">
      <UniqueIdentifier>{7fe4f5ba-21b5-45d3-a96b-c5314492665a}</UniqueIdentifier>
    </Filter>
  </ItemGroup>
  <ItemGroup>
    <ClCompile Include="main.cpp">
      <Filter>Source Files</Filter>
    </ClCompile>
    <ClCompile Include="App.cpp">
      <Filter>Source Files</Filter>
    </ClCompile>
    <ClCompile Include="Tools\Button.cpp">
      <Filter>Tools</Filter>
    </ClCompile>
    <ClCompile Include="Tools\Core\Global.cpp">
      <Filter>const</Filter>
    </ClCompile>
    <ClCompile Include="Tools\Edge.cpp">
      <Filter>Tools</Filter>
    </ClCompile>
    <ClCompile Include="Tools\SceneNode.cpp">
      <Filter>Tools</Filter>
    </ClCompile>
    <ClCompile Include="Tools\TreeNode.cpp">
      <Filter>Tools</Filter>
    </ClCompile>
    <ClCompile Include="Tools\TextBox.cpp">
      <Filter>Tools</Filter>
    </ClCompile>
    <ClCompile Include="Tools\GUIGroup.cpp">
      <Filter>Tools</Filter>
    </ClCompile>
    <ClCompile Include="Tools\Tree.cpp">
      <Filter>Tools</Filter>
    </ClCompile>
    <ClCompile Include="AVL_Tree.cpp">
      <Filter>Source Files</Filter>
    </ClCompile>
    <ClCompile Include="Animation\AVL_Anime.cpp">
      <Filter>Animation</Filter>
    </ClCompile>
    <ClCompile Include="Animation\AnimeBase.cpp">
      <Filter>Animation</Filter>
    </ClCompile>
    <ClCompile Include="Tools\StyleEditor.cpp">
      <Filter>Tools</Filter>
    </ClCompile>
    <ClCompile Include="Hash_Table.cpp">
      <Filter>Source Files</Filter>
    </ClCompile>
    <ClCompile Include="Animation\Hash_Anime.cpp">
      <Filter>Animation</Filter>
    </ClCompile>
    <ClCompile Include="Heap.cpp">
      <Filter>Source Files</Filter>
    </ClCompile>
    <ClCompile Include="Animation\Heap_Anime.cpp">
      <Filter>Animation</Filter>
    </ClCompile>
    <ClCompile Include="Tools\CodeBox.cpp">
      <Filter>Tools</Filter>
    </ClCompile>
    <ClCompile Include="Animation\B_Anime.cpp">
      <Filter>Animation</Filter>
    </ClCompile>
    <ClCompile Include="Animation\Trie_Anime.cpp">
      <Filter>Animation</Filter>
    </ClCompile>
    <ClCompile Include="Trie_Tree.cpp">
      <Filter>Source Files</Filter>
    </ClCompile>
    <ClCompile Include="Animation\Graph_Anime.cpp">
      <Filter>Animation</Filter>
    </ClCompile>
  </ItemGroup>
  <ItemGroup>
    <ClInclude Include="App.h">
      <Filter>Header Files</Filter>
    </ClInclude>
    <ClInclude Include="Tools\Core\Global.h">
      <Filter>const</Filter>
    </ClInclude>
    <ClInclude Include="Tools\SceneNode.h">
      <Filter>Header Files</Filter>
    </ClInclude>
    <ClInclude Include="Tools\TreeNode.h">
      <Filter>Header Files</Filter>
    </ClInclude>
    <ClInclude Include="Tools\Button.h">
      <Filter>Header Files</Filter>
    </ClInclude>
    <ClInclude Include="Tools\TextBox.h">
      <Filter>Header Files</Filter>
    </ClInclude>
    <ClInclude Include="Tools\GUIGroup.h">
      <Filter>Header Files</Filter>
    </ClInclude>
    <ClInclude Include="Tools\Tree.h">
      <Filter>Header Files</Filter>
    </ClInclude>
    <ClInclude Include="AVL_Tree.h">
      <Filter>Header Files</Filter>
    </ClInclude>
    <ClInclude Include="Animation\AVL_Anime.h">
      <Filter>Animation</Filter>
    </ClInclude>
    <ClInclude Include="Animation\AnimeBase.h">
      <Filter>Animation</Filter>
    </ClInclude>
    <ClInclude Include="Tools\StyleEditor.h">
      <Filter>Header Files</Filter>
    </ClInclude>
    <ClInclude Include="Hash_Table.h">
      <Filter>Header Files</Filter>
    </ClInclude>
    <ClInclude Include="Animation\Hash_Anime.h">
      <Filter>Animation</Filter>
    </ClInclude>
    <ClInclude Include="Heap.h">
      <Filter>Header Files</Filter>
    </ClInclude>
    <ClInclude Include="Animation\Heap_Anime.h">
      <Filter>Animation</Filter>
    </ClInclude>
    <ClInclude Include="Tools\CodeBox.h">
      <Filter>Header Files</Filter>
    </ClInclude>
    <ClInclude Include="Animation\B_Anime.h">
      <Filter>Animation</Filter>
    </ClInclude>
    <ClInclude Include="Animation\Trie_Anime.h">
      <Filter>Animation</Filter>
    </ClInclude>
    <ClInclude Include="Trie_Tree.h">
      <Filter>Header Files</Filter>
    </ClInclude>
    <ClInclude Include="Animation\Graph_Anime.h">
      <Filter>Animation</Filter>
    </ClInclude>
  </ItemGroup>
</Project>